
Microsoft Visual Studio Solution File, Format Version 12.00
# Visual Studio Version 16
VisualStudioVersion = 16.0.30114.105
MinimumVisualStudioVersion = 10.0.40219.1
Project("{FAE04EC0-301F-11D3-BF4B-00C04F79EFBC}") = "CmsViewerSolution", "CmsViewerSolution.csproj", "{0FBA81CF-C5C7-4BBD-9CED-00B18DF6AFBB}"
EndProject
Global
	GlobalSection(SolutionConfigurationPlatforms) = preSolution
		Debug|Any CPU = Debug|Any CPU
		Release|Any CPU = Release|Any CPU
	EndGlobalSection
	GlobalSection(ProjectConfigurationPlatforms) = postSolution
		{0FBA81CF-C5C7-4BBD-9CED-00B18DF6AFBB}.Debug|Any CPU.ActiveCfg = Debug|Any CPU
		{0FBA81CF-C5C7-4BBD-9CED-00B18DF6AFBB}.Debug|Any CPU.Build.0 = Debug|Any CPU
		{0FBA81CF-C5C7-4BBD-9CED-00B18DF6AFBB}.Release|Any CPU.ActiveCfg = Release|Any CPU
		{0FBA81CF-C5C7-4BBD-9CED-00B18DF6AFBB}.Release|Any CPU.Build.0 = Release|Any CPU
	EndGlobalSection
	GlobalSection(SolutionProperties) = preSolution
		HideSolutionNode = FALSE
	EndGlobalSection
	GlobalSection(ExtensibilityGlobals) = postSolution
		SolutionGuid = {12D7999A-78D1-4C77-8E13-041C4793491E}
	EndGlobalSection
EndGlobal
